# This file is automatically @generated by Cargo.
# It is not intended for manual editing.
version = 3

[[package]]
name = "advent_of_code"
version = "0.8.0"
dependencies = [
 "multiset",
 "pico-args",
 "sorted-vec",
]

[[package]]
name = "multiset"
version = "0.0.5"
source = "registry+https://github.com/rust-lang/crates.io-index"
checksum = "ce8738c9ddd350996cb8b8b718192851df960803764bcdaa3afb44a63b1ddb5c"

[[package]]
name = "pico-args"
version = "0.5.0"
source = "registry+https://github.com/rust-lang/crates.io-index"
checksum = "5be167a7af36ee22fe3115051bc51f6e6c7054c9348e28deb4f49bd6f705a315"

[[package]]
name = "sorted-vec"
version = "0.8.1"
source = "registry+https://github.com/rust-lang/crates.io-index"
checksum = "2eb853cc81eaf9f519b949deb6a1e2f1512c14006c2a2f6bd41b55fb0b37030a"
